
Microsoft Visual Studio Solution File, Format Version 12.00
# Visual Studio 14
VisualStudioVersion = 14.0.25420.1
MinimumVisualStudioVersion = 10.0.40219.1
Project("{FAE04EC0-301F-11D3-BF4B-00C04F79EFBC}") = "BilletSystemService", "BilletSystemService\BilletSystemService.csproj", "{15716E7A-D8ED-4F01-8386-11B9330CFAD1}"
EndProject
Project("{FAE04EC0-301F-11D3-BF4B-00C04F79EFBC}") = "WCFTestClient", "WCFTestClient\WCFTestClient.csproj", "{D2B90CE3-1DCF-4286-807B-792AB19E7454}"
EndProject
Global
	GlobalSection(SolutionConfigurationPlatforms) = preSolution
		Debug|Any CPU = Debug|Any CPU
		Release|Any CPU = Release|Any CPU
	EndGlobalSection
	GlobalSection(ProjectConfigurationPlatforms) = postSolution
		{15716E7A-D8ED-4F01-8386-11B9330CFAD1}.Debug|Any CPU.ActiveCfg = Debug|Any CPU
		{15716E7A-D8ED-4F01-8386-11B9330CFAD1}.Debug|Any CPU.Build.0 = Debug|Any CPU
		{15716E7A-D8ED-4F01-8386-11B9330CFAD1}.Release|Any CPU.ActiveCfg = Release|Any CPU
		{15716E7A-D8ED-4F01-8386-11B9330CFAD1}.Release|Any CPU.Build.0 = Release|Any CPU
		{D2B90CE3-1DCF-4286-807B-792AB19E7454}.Debug|Any CPU.ActiveCfg = Debug|Any CPU
		{D2B90CE3-1DCF-4286-807B-792AB19E7454}.Debug|Any CPU.Build.0 = Debug|Any CPU
		{D2B90CE3-1DCF-4286-807B-792AB19E7454}.Release|Any CPU.ActiveCfg = Release|Any CPU
		{D2B90CE3-1DCF-4286-807B-792AB19E7454}.Release|Any CPU.Build.0 = Release|Any CPU
	EndGlobalSection
	GlobalSection(SolutionProperties) = preSolution
		HideSolutionNode = FALSE
	EndGlobalSection
EndGlobal
